
Microsoft Visual Studio Solution File, Format Version 12.00
# Visual Studio 15
VisualStudioVersion = 15.0.28307.329
MinimumVisualStudioVersion = 10.0.40219.1
Project("{FAE04EC0-301F-11D3-BF4B-00C04F79EFBC}") = "WebApplication1", "WebApplication1\WebApplication1.csproj", "{0EE07FE1-9B78-47A8-9014-A9225B89E7BE}"
EndProject
Global
	GlobalSection(SolutionConfigurationPlatforms) = preSolution
		Debug|Any CPU = Debug|Any CPU
		Release|Any CPU = Release|Any CPU
	EndGlobalSection
	GlobalSection(ProjectConfigurationPlatforms) = postSolution
		{0EE07FE1-9B78-47A8-9014-A9225B89E7BE}.Debug|Any CPU.ActiveCfg = Debug|Any CPU
		{0EE07FE1-9B78-47A8-9014-A9225B89E7BE}.Debug|Any CPU.Build.0 = Debug|Any CPU
		{0EE07FE1-9B78-47A8-9014-A9225B89E7BE}.Release|Any CPU.ActiveCfg = Release|Any CPU
		{0EE07FE1-9B78-47A8-9014-A9225B89E7BE}.Release|Any CPU.Build.0 = Release|Any CPU
	EndGlobalSection
	GlobalSection(SolutionProperties) = preSolution
		HideSolutionNode = FALSE
	EndGlobalSection
	GlobalSection(ExtensibilityGlobals) = postSolution
		SolutionGuid = {81ABDD2C-8336-4EE8-8890-3DB4C610FEEF}
	EndGlobalSection
EndGlobal
